
Microsoft Visual Studio Solution File, Format Version 12.00
# Visual Studio Version 16
VisualStudioVersion = 16.0.30413.136
MinimumVisualStudioVersion = 10.0.40219.1
Project("{FAE04EC0-301F-11D3-BF4B-00C04F79EFBC}") = "DiscordBot", "DiscordBot\DiscordBot.csproj", "{77F6DD5A-88C8-4A5E-BDFD-5E30070E1926}"
EndProject
Global
	GlobalSection(SolutionConfigurationPlatforms) = preSolution
		Debug|Any CPU = Debug|Any CPU
		Release|Any CPU = Release|Any CPU
	EndGlobalSection
	GlobalSection(ProjectConfigurationPlatforms) = postSolution
		{77F6DD5A-88C8-4A5E-BDFD-5E30070E1926}.Debug|Any CPU.ActiveCfg = Debug|Any CPU
		{77F6DD5A-88C8-4A5E-BDFD-5E30070E1926}.Debug|Any CPU.Build.0 = Debug|Any CPU
		{77F6DD5A-88C8-4A5E-BDFD-5E30070E1926}.Release|Any CPU.ActiveCfg = Release|Any CPU
		{77F6DD5A-88C8-4A5E-BDFD-5E30070E1926}.Release|Any CPU.Build.0 = Release|Any CPU
	EndGlobalSection
	GlobalSection(SolutionProperties) = preSolution
		HideSolutionNode = FALSE
	EndGlobalSection
	GlobalSection(ExtensibilityGlobals) = postSolution
		SolutionGuid = {76E47674-3178-4FFF-8590-E257CEA95EFA}
	EndGlobalSection
EndGlobal
